
Microsoft Visual Studio Solution File, Format Version 12.00
# Visual Studio Version 17
VisualStudioVersion = 17.1.32228.430
MinimumVisualStudioVersion = 10.0.40219.1
Project("{9A19103F-16F7-4668-BE54-9A1E7A4F7556}") = "MindboxShapeAreaClassLib", "MindboxShapeAreaClassLib\MindboxShapeAreaClassLib.csproj", "{D619C69F-91B5-40BD-9F85-C4EC61E17DCB}"
EndProject
Project("{FAE04EC0-301F-11D3-BF4B-00C04F79EFBC}") = "ShapesTests", "ShTests\ShapesTests.csproj", "{BC225F83-5D04-4E89-A803-B20A164F08A4}"
EndProject
Global
	GlobalSection(SolutionConfigurationPlatforms) = preSolution
		Debug|Any CPU = Debug|Any CPU
		Release|Any CPU = Release|Any CPU
	EndGlobalSection
	GlobalSection(ProjectConfigurationPlatforms) = postSolution
		{D619C69F-91B5-40BD-9F85-C4EC61E17DCB}.Debug|Any CPU.ActiveCfg = Debug|Any CPU
		{D619C69F-91B5-40BD-9F85-C4EC61E17DCB}.Debug|Any CPU.Build.0 = Debug|Any CPU
		{D619C69F-91B5-40BD-9F85-C4EC61E17DCB}.Release|Any CPU.ActiveCfg = Release|Any CPU
		{D619C69F-91B5-40BD-9F85-C4EC61E17DCB}.Release|Any CPU.Build.0 = Release|Any CPU
		{BC225F83-5D04-4E89-A803-B20A164F08A4}.Debug|Any CPU.ActiveCfg = Debug|Any CPU
		{BC225F83-5D04-4E89-A803-B20A164F08A4}.Debug|Any CPU.Build.0 = Debug|Any CPU
		{BC225F83-5D04-4E89-A803-B20A164F08A4}.Release|Any CPU.ActiveCfg = Release|Any CPU
		{BC225F83-5D04-4E89-A803-B20A164F08A4}.Release|Any CPU.Build.0 = Release|Any CPU
	EndGlobalSection
	GlobalSection(SolutionProperties) = preSolution
		HideSolutionNode = FALSE
	EndGlobalSection
	GlobalSection(ExtensibilityGlobals) = postSolution
		SolutionGuid = {7BA9A8F5-C608-45BE-93C8-99F17BDCC5E6}
	EndGlobalSection
EndGlobal
